
Microsoft Visual Studio Solution File, Format Version 12.00
# Visual Studio Version 16
VisualStudioVersion = 16.0.30204.135
MinimumVisualStudioVersion = 10.0.40219.1
Project("{FAE04EC0-301F-11D3-BF4B-00C04F79EFBC}") = "001_HelloWorld", "001_HelloWorld\001_HelloWorld.csproj", "{FD580226-D9F8-433C-B0C8-6DEB60F159FB}"
EndProject
Project("{FAE04EC0-301F-11D3-BF4B-00C04F79EFBC}") = "002_HelloWorld2", "002_HelloWorld2\002_HelloWorld2.csproj", "{5DADDD15-7923-4FAF-A772-9D7B463611AA}"
EndProject
Project("{FAE04EC0-301F-11D3-BF4B-00C04F79EFBC}") = "003_HelloWorld3", "003_HelloWorld3\003_HelloWorld3.csproj", "{36DA6318-6DD9-4C6E-8D36-6CC52AFF7448}"
EndProject
Project("{FAE04EC0-301F-11D3-BF4B-00C04F79EFBC}") = "004_Variable", "004_Variable\004_Variable.csproj", "{6990BA00-CEDB-4057-8308-6393E03467F2}"
EndProject
Project("{FAE04EC0-301F-11D3-BF4B-00C04F79EFBC}") = "005_Variable2", "005_Variable2\005_Variable2.csproj", "{83DDFD8B-73B1-44DC-9493-162DB587278A}"
EndProject
Project("{FAE04EC0-301F-11D3-BF4B-00C04F79EFBC}") = "006_Data", "006_Data\006_Data.csproj", "{369702B7-E2FB-4D14-962D-16C15DC7D6BB}"
EndProject
Project("{FAE04EC0-301F-11D3-BF4B-00C04F79EFBC}") = "007_Data2", "007_Data2\007_Data2.csproj", "{2BEA721D-319F-4E22-A710-82A9A508266C}"
EndProject
Project("{FAE04EC0-301F-11D3-BF4B-00C04F79EFBC}") = "008_Data3", "008_Data3\008_Data3.csproj", "{70665B9E-FACB-4905-81E9-0501E5402769}"
EndProject
Project("{FAE04EC0-301F-11D3-BF4B-00C04F79EFBC}") = "009_Data4", "009_Data4\009_Data4.csproj", "{FBEB3129-F2AD-4D3C-9732-39FF59E206E1}"
EndProject
Project("{FAE04EC0-301F-11D3-BF4B-00C04F79EFBC}") = "010_Data5", "010_Data5\010_Data5.csproj", "{C6A458E0-3EC8-458B-941D-70F80DA4614B}"
EndProject
Project("{FAE04EC0-301F-11D3-BF4B-00C04F79EFBC}") = "011_String", "011_String\011_String.csproj", "{6B72D5AB-E32C-42A9-B996-1EAA973DBED2}"
EndProject
Project("{FAE04EC0-301F-11D3-BF4B-00C04F79EFBC}") = "012_Data_bool", "012_Data_bool\012_Data_bool.csproj", "{3CC1FBDB-8D1A-49B0-A1A9-2F9B1C516793}"
EndProject
Project("{FAE04EC0-301F-11D3-BF4B-00C04F79EFBC}") = "013_Data_object", "013_Data_object\013_Data_object.csproj", "{9C097CAB-7C4D-4476-B9A9-D4F19DCAAEA3}"
EndProject
Project("{FAE04EC0-301F-11D3-BF4B-00C04F79EFBC}") = "014_Data_enum", "014_Data_enum\014_Data_enum.csproj", "{856779DF-C70E-4689-8A31-82E0609511DA}"
EndProject
Project("{FAE04EC0-301F-11D3-BF4B-00C04F79EFBC}") = "015_Data_enum2", "015_Data_enum2\015_Data_enum2.csproj", "{CDB31970-7F18-4F20-A7A7-8AA54FE4AC32}"
EndProject
Project("{FAE04EC0-301F-11D3-BF4B-00C04F79EFBC}") = "016_Data_nullable", "016_Data_nullable\016_Data_nullable.csproj", "{D1D48F10-F644-4C7D-85C0-64BAB24327E2}"
EndProject
Project("{FAE04EC0-301F-11D3-BF4B-00C04F79EFBC}") = "017_Data_var", "017_Data_var\017_Data_var.csproj", "{FDE877A9-9FCE-406A-B126-E5A518FFFC1D}"
EndProject
Project("{FAE04EC0-301F-11D3-BF4B-00C04F79EFBC}") = "018_Data_const", "018_Data_const\018_Data_const.csproj", "{D8F0E0C5-61ED-499C-9FC2-2A456BBEC240}"
EndProject
Project("{FAE04EC0-301F-11D3-BF4B-00C04F79EFBC}") = "019_Data_cast", "019_Data_cast\019_Data_cast.csproj", "{1B22A340-44F2-424F-A2FD-3A54CEB6A0E6}"
EndProject
Project("{FAE04EC0-301F-11D3-BF4B-00C04F79EFBC}") = "020_Data_cast", "020_Data_cast\020_Data_cast.csproj", "{9BB84545-4707-461A-A27C-EDD484B02CFE}"
EndProject
Project("{FAE04EC0-301F-11D3-BF4B-00C04F79EFBC}") = "021_Data_ToString", "021_Data_ToString\021_Data_ToString.csproj", "{9E7874C7-E3C1-49C0-92F0-CB56C5A97A0F}"
EndProject
Project("{FAE04EC0-301F-11D3-BF4B-00C04F79EFBC}") = "022_Data_Parse", "022_Data_Parse\022_Data_Parse.csproj", "{C1F8EE8E-34B3-456E-810A-6E0DB62034FC}"
EndProject
Project("{FAE04EC0-301F-11D3-BF4B-00C04F79EFBC}") = "023_Data_Convert", "023_Data_Convert\023_Data_Convert.csproj", "{B188AFFC-190E-459E-A4F9-AFF5CA218749}"
EndProject
Project("{FAE04EC0-301F-11D3-BF4B-00C04F79EFBC}") = "024_Data_Reference", "024_Data_Reference\024_Data_Reference.csproj", "{48362003-18A2-449C-A159-73BAD1094F9B}"
EndProject
Project("{FAE04EC0-301F-11D3-BF4B-00C04F79EFBC}") = "025_Data_boxing", "025_Data_boxing\025_Data_boxing.csproj", "{48CBBD56-0C21-47B7-B120-25251E855AFE}"
EndProject
Project("{FAE04EC0-301F-11D3-BF4B-00C04F79EFBC}") = "026_Data_ReadLine", "026_Data_ReadLine\026_Data_ReadLine.csproj", "{F5AE94D4-DDFE-4D22-882B-66B074CF70B4}"
EndProject
Project("{FAE04EC0-301F-11D3-BF4B-00C04F79EFBC}") = "027_Operator", "027_Operator\027_Operator.csproj", "{16F3CABC-B11F-4AB4-86F4-B109547FCD41}"
EndProject
Project("{FAE04EC0-301F-11D3-BF4B-00C04F79EFBC}") = "028_Operator2", "028_Operator2\028_Operator2.csproj", "{0F33F91E-F814-4062-B5E2-4BEFB578ED4D}"
EndProject
Project("{FAE04EC0-301F-11D3-BF4B-00C04F79EFBC}") = "029_Operator3", "029_Operator3\029_Operator3.csproj", "{57CC591D-5CCA-4AFC-8405-710E26A2885C}"
EndProject
Project("{FAE04EC0-301F-11D3-BF4B-00C04F79EFBC}") = "030_Operator4", "030_Operator4\030_Operator4.csproj", "{A83C549C-4AA0-4956-8CD8-26EE829B9B97}"
EndProject
Project("{FAE04EC0-301F-11D3-BF4B-00C04F79EFBC}") = "031_Operator5", "031_Operator5\031_Operator5.csproj", "{69C377B5-A4D6-4AE3-9FB5-76FC35D41004}"
EndProject
Project("{FAE04EC0-301F-11D3-BF4B-00C04F79EFBC}") = "032_Operator6", "032_Operator6\032_Operator6.csproj", "{BFB98638-1FB1-44A9-9413-6104DD31A387}"
EndProject
Project("{FAE04EC0-301F-11D3-BF4B-00C04F79EFBC}") = "033_Operator_null", "033_Operator_null\033_Operator_null.csproj", "{219C0629-9EF6-49EF-8F9D-43DA727F6BE7}"
EndProject
Project("{FAE04EC0-301F-11D3-BF4B-00C04F79EFBC}") = "034_Operator_Branch", "034_Operator_Branch\034_Operator_Branch.csproj", "{938D97B3-132F-41AE-86DE-12F81A04FF35}"
EndProject
Project("{FAE04EC0-301F-11D3-BF4B-00C04F79EFBC}") = "035_Operator_Branch2", "035_Operator_Branch2\035_Operator_Branch2.csproj", "{86247A92-33BD-44EE-8E30-94773EEA985D}"
EndProject
Project("{FAE04EC0-301F-11D3-BF4B-00C04F79EFBC}") = "036_Operator_Switch", "036_Operator_Switch\036_Operator_Switch.csproj", "{3709F82C-C986-4EC0-A0EF-2A208A674C16}"
EndProject
Project("{FAE04EC0-301F-11D3-BF4B-00C04F79EFBC}") = "037_Operator_While", "037_Operator_While\037_Operator_While.csproj", "{BE78FCB3-1DDE-4229-B251-5BA2043C43D1}"
EndProject
Project("{FAE04EC0-301F-11D3-BF4B-00C04F79EFBC}") = "038_Operator_Do~while", "038_Operator_Do~while\038_Operator_Do~while.csproj", "{254FD4F5-08EB-4278-AE81-F0B1B0065C45}"
EndProject
Project("{FAE04EC0-301F-11D3-BF4B-00C04F79EFBC}") = "039_Operator_For", "039_Operator_For\039_Operator_For.csproj", "{FF147572-7DBE-482D-AA44-6A3053F3357A}"
EndProject
Project("{FAE04EC0-301F-11D3-BF4B-00C04F79EFBC}") = "040_Operator_for_for", "040_Operator_for_for\040_Operator_for_for.csproj", "{F123A350-19BE-4599-98CF-753028EC19A4}"
EndProject
Project("{FAE04EC0-301F-11D3-BF4B-00C04F79EFBC}") = "041_Operator_while(true)", "041_Operator_while(true)\041_Operator_while(true).csproj", "{AA11D12B-B752-4705-9E71-4ECFD52AA9C1}"
EndProject
Project("{FAE04EC0-301F-11D3-BF4B-00C04F79EFBC}") = "042_Operator_break", "042_Operator_break\042_Operator_break.csproj", "{E787557E-7027-45F9-9939-E1404547C2FC}"
EndProject
Project("{FAE04EC0-301F-11D3-BF4B-00C04F79EFBC}") = "043_Operator_continue", "043_Operator_continue\043_Operator_continue.csproj", "{CC79208A-DFD8-4535-8B46-1E62D7AFE166}"
EndProject
Project("{FAE04EC0-301F-11D3-BF4B-00C04F79EFBC}") = "044_Test", "044_Test\044_Test.csproj", "{DA1401DC-8AB8-4A58-B535-DDA0F5549811}"
EndProject
Project("{FAE04EC0-301F-11D3-BF4B-00C04F79EFBC}") = "045_Test2", "045_Test2\045_Test2.csproj", "{6B704C45-7B78-4961-B839-56CCF266EE8B}"
EndProject
Project("{FAE04EC0-301F-11D3-BF4B-00C04F79EFBC}") = "046_Test3", "046_Test3\046_Test3.csproj", "{EBA6EC00-22BB-4B11-9F9E-93F4DB4DB6D2}"
EndProject
Global
	GlobalSection(SolutionConfigurationPlatforms) = preSolution
		Debug|Any CPU = Debug|Any CPU
		Release|Any CPU = Release|Any CPU
	EndGlobalSection
	GlobalSection(ProjectConfigurationPlatforms) = postSolution
		{FD580226-D9F8-433C-B0C8-6DEB60F159FB}.Debug|Any CPU.ActiveCfg = Debug|Any CPU
		{FD580226-D9F8-433C-B0C8-6DEB60F159FB}.Debug|Any CPU.Build.0 = Debug|Any CPU
		{FD580226-D9F8-433C-B0C8-6DEB60F159FB}.Release|Any CPU.ActiveCfg = Release|Any CPU
		{FD580226-D9F8-433C-B0C8-6DEB60F159FB}.Release|Any CPU.Build.0 = Release|Any CPU
		{5DADDD15-7923-4FAF-A772-9D7B463611AA}.Debug|Any CPU.ActiveCfg = Debug|Any CPU
		{5DADDD15-7923-4FAF-A772-9D7B463611AA}.Debug|Any CPU.Build.0 = Debug|Any CPU
		{5DADDD15-7923-4FAF-A772-9D7B463611AA}.Release|Any CPU.ActiveCfg = Release|Any CPU
		{5DADDD15-7923-4FAF-A772-9D7B463611AA}.Release|Any CPU.Build.0 = Release|Any CPU
		{36DA6318-6DD9-4C6E-8D36-6CC52AFF7448}.Debug|Any CPU.ActiveCfg = Debug|Any CPU
		{36DA6318-6DD9-4C6E-8D36-6CC52AFF7448}.Debug|Any CPU.Build.0 = Debug|Any CPU
		{36DA6318-6DD9-4C6E-8D36-6CC52AFF7448}.Release|Any CPU.ActiveCfg = Release|Any CPU
		{36DA6318-6DD9-4C6E-8D36-6CC52AFF7448}.Release|Any CPU.Build.0 = Release|Any CPU
		{6990BA00-CEDB-4057-8308-6393E03467F2}.Debug|Any CPU.ActiveCfg = Debug|Any CPU
		{6990BA00-CEDB-4057-8308-6393E03467F2}.Debug|Any CPU.Build.0 = Debug|Any CPU
		{6990BA00-CEDB-4057-8308-6393E03467F2}.Release|Any CPU.ActiveCfg = Release|Any CPU
		{6990BA00-CEDB-4057-8308-6393E03467F2}.Release|Any CPU.Build.0 = Release|Any CPU
		{83DDFD8B-73B1-44DC-9493-162DB587278A}.Debug|Any CPU.ActiveCfg = Debug|Any CPU
		{83DDFD8B-73B1-44DC-9493-162DB587278A}.Debug|Any CPU.Build.0 = Debug|Any CPU
		{83DDFD8B-73B1-44DC-9493-162DB587278A}.Release|Any CPU.ActiveCfg = Release|Any CPU
		{83DDFD8B-73B1-44DC-9493-162DB587278A}.Release|Any CPU.Build.0 = Release|Any CPU
		{369702B7-E2FB-4D14-962D-16C15DC7D6BB}.Debug|Any CPU.ActiveCfg = Debug|Any CPU
		{369702B7-E2FB-4D14-962D-16C15DC7D6BB}.Debug|Any CPU.Build.0 = Debug|Any CPU
		{369702B7-E2FB-4D14-962D-16C15DC7D6BB}.Release|Any CPU.ActiveCfg = Release|Any CPU
		{369702B7-E2FB-4D14-962D-16C15DC7D6BB}.Release|Any CPU.Build.0 = Release|Any CPU
		{2BEA721D-319F-4E22-A710-82A9A508266C}.Debug|Any CPU.ActiveCfg = Debug|Any CPU
		{2BEA721D-319F-4E22-A710-82A9A508266C}.Debug|Any CPU.Build.0 = Debug|Any CPU
		{2BEA721D-319F-4E22-A710-82A9A508266C}.Release|Any CPU.ActiveCfg = Release|Any CPU
		{2BEA721D-319F-4E22-A710-82A9A508266C}.Release|Any CPU.Build.0 = Release|Any CPU
		{70665B9E-FACB-4905-81E9-0501E5402769}.Debug|Any CPU.ActiveCfg = Debug|Any CPU
		{70665B9E-FACB-4905-81E9-0501E5402769}.Debug|Any CPU.Build.0 = Debug|Any CPU
		{70665B9E-FACB-4905-81E9-0501E5402769}.Release|Any CPU.ActiveCfg = Release|Any CPU
		{70665B9E-FACB-4905-81E9-0501E5402769}.Release|Any CPU.Build.0 = Release|Any CPU
		{FBEB3129-F2AD-4D3C-9732-39FF59E206E1}.Debug|Any CPU.ActiveCfg = Debug|Any CPU
		{FBEB3129-F2AD-4D3C-9732-39FF59E206E1}.Debug|Any CPU.Build.0 = Debug|Any CPU
		{FBEB3129-F2AD-4D3C-9732-39FF59E206E1}.Release|Any CPU.ActiveCfg = Release|Any CPU
		{FBEB3129-F2AD-4D3C-9732-39FF59E206E1}.Release|Any CPU.Build.0 = Release|Any CPU
		{C6A458E0-3EC8-458B-941D-70F80DA4614B}.Debug|Any CPU.ActiveCfg = Debug|Any CPU
		{C6A458E0-3EC8-458B-941D-70F80DA4614B}.Debug|Any CPU.Build.0 = Debug|Any CPU
		{C6A458E0-3EC8-458B-941D-70F80DA4614B}.Release|Any CPU.ActiveCfg = Release|Any CPU
		{C6A458E0-3EC8-458B-941D-70F80DA4614B}.Release|Any CPU.Build.0 = Release|Any CPU
		{6B72D5AB-E32C-42A9-B996-1EAA973DBED2}.Debug|Any CPU.ActiveCfg = Debug|Any CPU
		{6B72D5AB-E32C-42A9-B996-1EAA973DBED2}.Debug|Any CPU.Build.0 = Debug|Any CPU
		{6B72D5AB-E32C-42A9-B996-1EAA973DBED2}.Release|Any CPU.ActiveCfg = Release|Any CPU
		{6B72D5AB-E32C-42A9-B996-1EAA973DBED2}.Release|Any CPU.Build.0 = Release|Any CPU
		{3CC1FBDB-8D1A-49B0-A1A9-2F9B1C516793}.Debug|Any CPU.ActiveCfg = Debug|Any CPU
		{3CC1FBDB-8D1A-49B0-A1A9-2F9B1C516793}.Debug|Any CPU.Build.0 = Debug|Any CPU
		{3CC1FBDB-8D1A-49B0-A1A9-2F9B1C516793}.Release|Any CPU.ActiveCfg = Release|Any CPU
		{3CC1FBDB-8D1A-49B0-A1A9-2F9B1C516793}.Release|Any CPU.Build.0 = Release|Any CPU
		{9C097CAB-7C4D-4476-B9A9-D4F19DCAAEA3}.Debug|Any CPU.ActiveCfg = Debug|Any CPU
		{9C097CAB-7C4D-4476-B9A9-D4F19DCAAEA3}.Debug|Any CPU.Build.0 = Debug|Any CPU
		{9C097CAB-7C4D-4476-B9A9-D4F19DCAAEA3}.Release|Any CPU.ActiveCfg = Release|Any CPU
		{9C097CAB-7C4D-4476-B9A9-D4F19DCAAEA3}.Release|Any CPU.Build.0 = Release|Any CPU
		{856779DF-C70E-4689-8A31-82E0609511DA}.Debug|Any CPU.ActiveCfg = Debug|Any CPU
		{856779DF-C70E-4689-8A31-82E0609511DA}.Debug|Any CPU.Build.0 = Debug|Any CPU
		{856779DF-C70E-4689-8A31-82E0609511DA}.Release|Any CPU.ActiveCfg = Release|Any CPU
		{856779DF-C70E-4689-8A31-82E0609511DA}.Release|Any CPU.Build.0 = Release|Any CPU
		{CDB31970-7F18-4F20-A7A7-8AA54FE4AC32}.Debug|Any CPU.ActiveCfg = Debug|Any CPU
		{CDB31970-7F18-4F20-A7A7-8AA54FE4AC32}.Debug|Any CPU.Build.0 = Debug|Any CPU
		{CDB31970-7F18-4F20-A7A7-8AA54FE4AC32}.Release|Any CPU.ActiveCfg = Release|Any CPU
		{CDB31970-7F18-4F20-A7A7-8AA54FE4AC32}.Release|Any CPU.Build.0 = Release|Any CPU
		{D1D48F10-F644-4C7D-85C0-64BAB24327E2}.Debug|Any CPU.ActiveCfg = Debug|Any CPU
		{D1D48F10-F644-4C7D-85C0-64BAB24327E2}.Debug|Any CPU.Build.0 = Debug|Any CPU
		{D1D48F10-F644-4C7D-85C0-64BAB24327E2}.Release|Any CPU.ActiveCfg = Release|Any CPU
		{D1D48F10-F644-4C7D-85C0-64BAB24327E2}.Release|Any CPU.Build.0 = Release|Any CPU
		{FDE877A9-9FCE-406A-B126-E5A518FFFC1D}.Debug|Any CPU.ActiveCfg = Debug|Any CPU
		{FDE877A9-9FCE-406A-B126-E5A518FFFC1D}.Debug|Any CPU.Build.0 = Debug|Any CPU
		{FDE877A9-9FCE-406A-B126-E5A518FFFC1D}.Release|Any CPU.ActiveCfg = Release|Any CPU
		{FDE877A9-9FCE-406A-B126-E5A518FFFC1D}.Release|Any CPU.Build.0 = Release|Any CPU
		{D8F0E0C5-61ED-499C-9FC2-2A456BBEC240}.Debug|Any CPU.ActiveCfg = Debug|Any CPU
		{D8F0E0C5-61ED-499C-9FC2-2A456BBEC240}.Debug|Any CPU.Build.0 = Debug|Any CPU
		{D8F0E0C5-61ED-499C-9FC2-2A456BBEC240}.Release|Any CPU.ActiveCfg = Release|Any CPU
		{D8F0E0C5-61ED-499C-9FC2-2A456BBEC240}.Release|Any CPU.Build.0 = Release|Any CPU
		{1B22A340-44F2-424F-A2FD-3A54CEB6A0E6}.Debug|Any CPU.ActiveCfg = Debug|Any CPU
		{1B22A340-44F2-424F-A2FD-3A54CEB6A0E6}.Debug|Any CPU.Build.0 = Debug|Any CPU
		{1B22A340-44F2-424F-A2FD-3A54CEB6A0E6}.Release|Any CPU.ActiveCfg = Release|Any CPU
		{1B22A340-44F2-424F-A2FD-3A54CEB6A0E6}.Release|Any CPU.Build.0 = Release|Any CPU
		{9BB84545-4707-461A-A27C-EDD484B02CFE}.Debug|Any CPU.ActiveCfg = Debug|Any CPU
		{9BB84545-4707-461A-A27C-EDD484B02CFE}.Debug|Any CPU.Build.0 = Debug|Any CPU
		{9BB84545-4707-461A-A27C-EDD484B02CFE}.Release|Any CPU.ActiveCfg = Release|Any CPU
		{9BB84545-4707-461A-A27C-EDD484B02CFE}.Release|Any CPU.Build.0 = Release|Any CPU
		{9E7874C7-E3C1-49C0-92F0-CB56C5A97A0F}.Debug|Any CPU.ActiveCfg = Debug|Any CPU
		{9E7874C7-E3C1-49C0-92F0-CB56C5A97A0F}.Debug|Any CPU.Build.0 = Debug|Any CPU
		{9E7874C7-E3C1-49C0-92F0-CB56C5A97A0F}.Release|Any CPU.ActiveCfg = Release|Any CPU
		{9E7874C7-E3C1-49C0-92F0-CB56C5A97A0F}.Release|Any CPU.Build.0 = Release|Any CPU
		{C1F8EE8E-34B3-456E-810A-6E0DB62034FC}.Debug|Any CPU.ActiveCfg = Debug|Any CPU
		{C1F8EE8E-34B3-456E-810A-6E0DB62034FC}.Debug|Any CPU.Build.0 = Debug|Any CPU
		{C1F8EE8E-34B3-456E-810A-6E0DB62034FC}.Release|Any CPU.ActiveCfg = Release|Any CPU
		{C1F8EE8E-34B3-456E-810A-6E0DB62034FC}.Release|Any CPU.Build.0 = Release|Any CPU
		{B188AFFC-190E-459E-A4F9-AFF5CA218749}.Debug|Any CPU.ActiveCfg = Debug|Any CPU
		{B188AFFC-190E-459E-A4F9-AFF5CA218749}.Debug|Any CPU.Build.0 = Debug|Any CPU
		{B188AFFC-190E-459E-A4F9-AFF5CA218749}.Release|Any CPU.ActiveCfg = Release|Any CPU
		{B188AFFC-190E-459E-A4F9-AFF5CA218749}.Release|Any CPU.Build.0 = Release|Any CPU
		{48362003-18A2-449C-A159-73BAD1094F9B}.Debug|Any CPU.ActiveCfg = Debug|Any CPU
		{48362003-18A2-449C-A159-73BAD1094F9B}.Debug|Any CPU.Build.0 = Debug|Any CPU
		{48362003-18A2-449C-A159-73BAD1094F9B}.Release|Any CPU.ActiveCfg = Release|Any CPU
		{48362003-18A2-449C-A159-73BAD1094F9B}.Release|Any CPU.Build.0 = Release|Any CPU
		{48CBBD56-0C21-47B7-B120-25251E855AFE}.Debug|Any CPU.ActiveCfg = Debug|Any CPU
		{48CBBD56-0C21-47B7-B120-25251E855AFE}.Debug|Any CPU.Build.0 = Debug|Any CPU
		{48CBBD56-0C21-47B7-B120-25251E855AFE}.Release|Any CPU.ActiveCfg = Release|Any CPU
		{48CBBD56-0C21-47B7-B120-25251E855AFE}.Release|Any CPU.Build.0 = Release|Any CPU
		{F5AE94D4-DDFE-4D22-882B-66B074CF70B4}.Debug|Any CPU.ActiveCfg = Debug|Any CPU
		{F5AE94D4-DDFE-4D22-882B-66B074CF70B4}.Debug|Any CPU.Build.0 = Debug|Any CPU
		{F5AE94D4-DDFE-4D22-882B-66B074CF70B4}.Release|Any CPU.ActiveCfg = Release|Any CPU
		{F5AE94D4-DDFE-4D22-882B-66B074CF70B4}.Release|Any CPU.Build.0 = Release|Any CPU
		{16F3CABC-B11F-4AB4-86F4-B109547FCD41}.Debug|Any CPU.ActiveCfg = Debug|Any CPU
		{16F3CABC-B11F-4AB4-86F4-B109547FCD41}.Debug|Any CPU.Build.0 = Debug|Any CPU
		{16F3CABC-B11F-4AB4-86F4-B109547FCD41}.Release|Any CPU.ActiveCfg = Release|Any CPU
		{16F3CABC-B11F-4AB4-86F4-B109547FCD41}.Release|Any CPU.Build.0 = Release|Any CPU
		{0F33F91E-F814-4062-B5E2-4BEFB578ED4D}.Debug|Any CPU.ActiveCfg = Debug|Any CPU
		{0F33F91E-F814-4062-B5E2-4BEFB578ED4D}.Debug|Any CPU.Build.0 = Debug|Any CPU
		{0F33F91E-F814-4062-B5E2-4BEFB578ED4D}.Release|Any CPU.ActiveCfg = Release|Any CPU
		{0F33F91E-F814-4062-B5E2-4BEFB578ED4D}.Release|Any CPU.Build.0 = Release|Any CPU
		{57CC591D-5CCA-4AFC-8405-710E26A2885C}.Debug|Any CPU.ActiveCfg = Debug|Any CPU
		{57CC591D-5CCA-4AFC-8405-710E26A2885C}.Debug|Any CPU.Build.0 = Debug|Any CPU
		{57CC591D-5CCA-4AFC-8405-710E26A2885C}.Release|Any CPU.ActiveCfg = Release|Any CPU
		{57CC591D-5CCA-4AFC-8405-710E26A2885C}.Release|Any CPU.Build.0 = Release|Any CPU
		{A83C549C-4AA0-4956-8CD8-26EE829B9B97}.Debug|Any CPU.ActiveCfg = Debug|Any CPU
		{A83C549C-4AA0-4956-8CD8-26EE829B9B97}.Debug|Any CPU.Build.0 = Debug|Any CPU
		{A83C549C-4AA0-4956-8CD8-26EE829B9B97}.Release|Any CPU.ActiveCfg = Release|Any CPU
		{A83C549C-4AA0-4956-8CD8-26EE829B9B97}.Release|Any CPU.Build.0 = Release|Any CPU
		{69C377B5-A4D6-4AE3-9FB5-76FC35D41004}.Debug|Any CPU.ActiveCfg = Debug|Any CPU
		{69C377B5-A4D6-4AE3-9FB5-76FC35D41004}.Debug|Any CPU.Build.0 = Debug|Any CPU
		{69C377B5-A4D6-4AE3-9FB5-76FC35D41004}.Release|Any CPU.ActiveCfg = Release|Any CPU
		{69C377B5-A4D6-4AE3-9FB5-76FC35D41004}.Release|Any CPU.Build.0 = Release|Any CPU
		{BFB98638-1FB1-44A9-9413-6104DD31A387}.Debug|Any CPU.ActiveCfg = Debug|Any CPU
		{BFB98638-1FB1-44A9-9413-6104DD31A387}.Debug|Any CPU.Build.0 = Debug|Any CPU
		{BFB98638-1FB1-44A9-9413-6104DD31A387}.Release|Any CPU.ActiveCfg = Release|Any CPU
		{BFB98638-1FB1-44A9-9413-6104DD31A387}.Release|Any CPU.Build.0 = Release|Any CPU
		{219C0629-9EF6-49EF-8F9D-43DA727F6BE7}.Debug|Any CPU.ActiveCfg = Debug|Any CPU
		{219C0629-9EF6-49EF-8F9D-43DA727F6BE7}.Debug|Any CPU.Build.0 = Debug|Any CPU
		{219C0629-9EF6-49EF-8F9D-43DA727F6BE7}.Release|Any CPU.ActiveCfg = Release|Any CPU
		{219C0629-9EF6-49EF-8F9D-43DA727F6BE7}.Release|Any CPU.Build.0 = Release|Any CPU
		{938D97B3-132F-41AE-86DE-12F81A04FF35}.Debug|Any CPU.ActiveCfg = Debug|Any CPU
		{938D97B3-132F-41AE-86DE-12F81A04FF35}.Debug|Any CPU.Build.0 = Debug|Any CPU
		{938D97B3-132F-41AE-86DE-12F81A04FF35}.Release|Any CPU.ActiveCfg = Release|Any CPU
		{938D97B3-132F-41AE-86DE-12F81A04FF35}.Release|Any CPU.Build.0 = Release|Any CPU
		{86247A92-33BD-44EE-8E30-94773EEA985D}.Debug|Any CPU.ActiveCfg = Debug|Any CPU
		{86247A92-33BD-44EE-8E30-94773EEA985D}.Debug|Any CPU.Build.0 = Debug|Any CPU
		{86247A92-33BD-44EE-8E30-94773EEA985D}.Release|Any CPU.ActiveCfg = Release|Any CPU
		{86247A92-33BD-44EE-8E30-94773EEA985D}.Release|Any CPU.Build.0 = Release|Any CPU
		{3709F82C-C986-4EC0-A0EF-2A208A674C16}.Debug|Any CPU.ActiveCfg = Debug|Any CPU
		{3709F82C-C986-4EC0-A0EF-2A208A674C16}.Debug|Any CPU.Build.0 = Debug|Any CPU
		{3709F82C-C986-4EC0-A0EF-2A208A674C16}.Release|Any CPU.ActiveCfg = Release|Any CPU
		{3709F82C-C986-4EC0-A0EF-2A208A674C16}.Release|Any CPU.Build.0 = Release|Any CPU
		{BE78FCB3-1DDE-4229-B251-5BA2043C43D1}.Debug|Any CPU.ActiveCfg = Debug|Any CPU
		{BE78FCB3-1DDE-4229-B251-5BA2043C43D1}.Debug|Any CPU.Build.0 = Debug|Any CPU
		{BE78FCB3-1DDE-4229-B251-5BA2043C43D1}.Release|Any CPU.ActiveCfg = Release|Any CPU
		{BE78FCB3-1DDE-4229-B251-5BA2043C43D1}.Release|Any CPU.Build.0 = Release|Any CPU
		{254FD4F5-08EB-4278-AE81-F0B1B0065C45}.Debug|Any CPU.ActiveCfg = Debug|Any CPU
		{254FD4F5-08EB-4278-AE81-F0B1B0065C45}.Debug|Any CPU.Build.0 = Debug|Any CPU
		{254FD4F5-08EB-4278-AE81-F0B1B0065C45}.Release|Any CPU.ActiveCfg = Release|Any CPU
		{254FD4F5-08EB-4278-AE81-F0B1B0065C45}.Release|Any CPU.Build.0 = Release|Any CPU
		{FF147572-7DBE-482D-AA44-6A3053F3357A}.Debug|Any CPU.ActiveCfg = Debug|Any CPU
		{FF147572-7DBE-482D-AA44-6A3053F3357A}.Debug|Any CPU.Build.0 = Debug|Any CPU
		{FF147572-7DBE-482D-AA44-6A3053F3357A}.Release|Any CPU.ActiveCfg = Release|Any CPU
		{FF147572-7DBE-482D-AA44-6A3053F3357A}.Release|Any CPU.Build.0 = Release|Any CPU
		{F123A350-19BE-4599-98CF-753028EC19A4}.Debug|Any CPU.ActiveCfg = Debug|Any CPU
		{F123A350-19BE-4599-98CF-753028EC19A4}.Debug|Any CPU.Build.0 = Debug|Any CPU
		{F123A350-19BE-4599-98CF-753028EC19A4}.Release|Any CPU.ActiveCfg = Release|Any CPU
		{F123A350-19BE-4599-98CF-753028EC19A4}.Release|Any CPU.Build.0 = Release|Any CPU
		{AA11D12B-B752-4705-9E71-4ECFD52AA9C1}.Debug|Any CPU.ActiveCfg = Debug|Any CPU
		{AA11D12B-B752-4705-9E71-4ECFD52AA9C1}.Debug|Any CPU.Build.0 = Debug|Any CPU
		{AA11D12B-B752-4705-9E71-4ECFD52AA9C1}.Release|Any CPU.ActiveCfg = Release|Any CPU
		{AA11D12B-B752-4705-9E71-4ECFD52AA9C1}.Release|Any CPU.Build.0 = Release|Any CPU
		{E787557E-7027-45F9-9939-E1404547C2FC}.Debug|Any CPU.ActiveCfg = Debug|Any CPU
		{E787557E-7027-45F9-9939-E1404547C2FC}.Debug|Any CPU.Build.0 = Debug|Any CPU
		{E787557E-7027-45F9-9939-E1404547C2FC}.Release|Any CPU.ActiveCfg = Release|Any CPU
		{E787557E-7027-45F9-9939-E1404547C2FC}.Release|Any CPU.Build.0 = Release|Any CPU
		{CC79208A-DFD8-4535-8B46-1E62D7AFE166}.Debug|Any CPU.ActiveCfg = Debug|Any CPU
		{CC79208A-DFD8-4535-8B46-1E62D7AFE166}.Debug|Any CPU.Build.0 = Debug|Any CPU
		{CC79208A-DFD8-4535-8B46-1E62D7AFE166}.Release|Any CPU.ActiveCfg = Release|Any CPU
		{CC79208A-DFD8-4535-8B46-1E62D7AFE166}.Release|Any CPU.Build.0 = Release|Any CPU
		{DA1401DC-8AB8-4A58-B535-DDA0F5549811}.Debug|Any CPU.ActiveCfg = Debug|Any CPU
		{DA1401DC-8AB8-4A58-B535-DDA0F5549811}.Debug|Any CPU.Build.0 = Debug|Any CPU
		{DA1401DC-8AB8-4A58-B535-DDA0F5549811}.Release|Any CPU.ActiveCfg = Release|Any CPU
		{DA1401DC-8AB8-4A58-B535-DDA0F5549811}.Release|Any CPU.Build.0 = Release|Any CPU
		{6B704C45-7B78-4961-B839-56CCF266EE8B}.Debug|Any CPU.ActiveCfg = Debug|Any CPU
		{6B704C45-7B78-4961-B839-56CCF266EE8B}.Debug|Any CPU.Build.0 = Debug|Any CPU
		{6B704C45-7B78-4961-B839-56CCF266EE8B}.Release|Any CPU.ActiveCfg = Release|Any CPU
		{6B704C45-7B78-4961-B839-56CCF266EE8B}.Release|Any CPU.Build.0 = Release|Any CPU
		{EBA6EC00-22BB-4B11-9F9E-93F4DB4DB6D2}.Debug|Any CPU.ActiveCfg = Debug|Any CPU
		{EBA6EC00-22BB-4B11-9F9E-93F4DB4DB6D2}.Debug|Any CPU.Build.0 = Debug|Any CPU
		{EBA6EC00-22BB-4B11-9F9E-93F4DB4DB6D2}.Release|Any CPU.ActiveCfg = Release|Any CPU
		{EBA6EC00-22BB-4B11-9F9E-93F4DB4DB6D2}.Release|Any CPU.Build.0 = Release|Any CPU
	EndGlobalSection
	GlobalSection(SolutionProperties) = preSolution
		HideSolutionNode = FALSE
	EndGlobalSection
	GlobalSection(ExtensibilityGlobals) = postSolution
		SolutionGuid = {F253F7D6-7687-45E9-932F-A0D79090A69A}
	EndGlobalSection
EndGlobal
