
Microsoft Visual Studio Solution File, Format Version 12.00
# Visual Studio Version 16
VisualStudioVersion = 16.0.30204.135
MinimumVisualStudioVersion = 10.0.40219.1
Project("{FAE04EC0-301F-11D3-BF4B-00C04F79EFBC}") = "001_HelloWorld", "001_HelloWorld\001_HelloWorld.csproj", "{FD580226-D9F8-433C-B0C8-6DEB60F159FB}"
EndProject
Project("{FAE04EC0-301F-11D3-BF4B-00C04F79EFBC}") = "002_HelloWorld2", "002_HelloWorld2\002_HelloWorld2.csproj", "{5DADDD15-7923-4FAF-A772-9D7B463611AA}"
EndProject
Project("{FAE04EC0-301F-11D3-BF4B-00C04F79EFBC}") = "003_HelloWorld3", "003_HelloWorld3\003_HelloWorld3.csproj", "{36DA6318-6DD9-4C6E-8D36-6CC52AFF7448}"
EndProject
Project("{FAE04EC0-301F-11D3-BF4B-00C04F79EFBC}") = "004_Variable", "004_Variable\004_Variable.csproj", "{6990BA00-CEDB-4057-8308-6393E03467F2}"
EndProject
Project("{FAE04EC0-301F-11D3-BF4B-00C04F79EFBC}") = "005_Variable2", "005_Variable2\005_Variable2.csproj", "{83DDFD8B-73B1-44DC-9493-162DB587278A}"
EndProject
Project("{FAE04EC0-301F-11D3-BF4B-00C04F79EFBC}") = "006_Data", "006_Data\006_Data.csproj", "{369702B7-E2FB-4D14-962D-16C15DC7D6BB}"
EndProject
Project("{FAE04EC0-301F-11D3-BF4B-00C04F79EFBC}") = "007_Data2", "007_Data2\007_Data2.csproj", "{2BEA721D-319F-4E22-A710-82A9A508266C}"
EndProject
Project("{FAE04EC0-301F-11D3-BF4B-00C04F79EFBC}") = "008_Data3", "008_Data3\008_Data3.csproj", "{70665B9E-FACB-4905-81E9-0501E5402769}"
EndProject
Project("{FAE04EC0-301F-11D3-BF4B-00C04F79EFBC}") = "009_Data4", "009_Data4\009_Data4.csproj", "{FBEB3129-F2AD-4D3C-9732-39FF59E206E1}"
EndProject
Project("{FAE04EC0-301F-11D3-BF4B-00C04F79EFBC}") = "010_Data5", "010_Data5\010_Data5.csproj", "{C6A458E0-3EC8-458B-941D-70F80DA4614B}"
EndProject
Project("{FAE04EC0-301F-11D3-BF4B-00C04F79EFBC}") = "011_String", "011_String\011_String.csproj", "{6B72D5AB-E32C-42A9-B996-1EAA973DBED2}"
EndProject
Project("{FAE04EC0-301F-11D3-BF4B-00C04F79EFBC}") = "012_Data_bool", "012_Data_bool\012_Data_bool.csproj", "{3CC1FBDB-8D1A-49B0-A1A9-2F9B1C516793}"
EndProject
Project("{FAE04EC0-301F-11D3-BF4B-00C04F79EFBC}") = "013_Data_object", "013_Data_object\013_Data_object.csproj", "{9C097CAB-7C4D-4476-B9A9-D4F19DCAAEA3}"
EndProject
Project("{FAE04EC0-301F-11D3-BF4B-00C04F79EFBC}") = "014_Data_enum", "014_Data_enum\014_Data_enum.csproj", "{856779DF-C70E-4689-8A31-82E0609511DA}"
EndProject
Project("{FAE04EC0-301F-11D3-BF4B-00C04F79EFBC}") = "015_Data_enum2", "015_Data_enum2\015_Data_enum2.csproj", "{CDB31970-7F18-4F20-A7A7-8AA54FE4AC32}"
EndProject
Project("{FAE04EC0-301F-11D3-BF4B-00C04F79EFBC}") = "016_Data_nullable", "016_Data_nullable\016_Data_nullable.csproj", "{D1D48F10-F644-4C7D-85C0-64BAB24327E2}"
EndProject
Global
	GlobalSection(SolutionConfigurationPlatforms) = preSolution
		Debug|Any CPU = Debug|Any CPU
		Release|Any CPU = Release|Any CPU
	EndGlobalSection
	GlobalSection(ProjectConfigurationPlatforms) = postSolution
		{FD580226-D9F8-433C-B0C8-6DEB60F159FB}.Debug|Any CPU.ActiveCfg = Debug|Any CPU
		{FD580226-D9F8-433C-B0C8-6DEB60F159FB}.Debug|Any CPU.Build.0 = Debug|Any CPU
		{FD580226-D9F8-433C-B0C8-6DEB60F159FB}.Release|Any CPU.ActiveCfg = Release|Any CPU
		{FD580226-D9F8-433C-B0C8-6DEB60F159FB}.Release|Any CPU.Build.0 = Release|Any CPU
		{5DADDD15-7923-4FAF-A772-9D7B463611AA}.Debug|Any CPU.ActiveCfg = Debug|Any CPU
		{5DADDD15-7923-4FAF-A772-9D7B463611AA}.Debug|Any CPU.Build.0 = Debug|Any CPU
		{5DADDD15-7923-4FAF-A772-9D7B463611AA}.Release|Any CPU.ActiveCfg = Release|Any CPU
		{5DADDD15-7923-4FAF-A772-9D7B463611AA}.Release|Any CPU.Build.0 = Release|Any CPU
		{36DA6318-6DD9-4C6E-8D36-6CC52AFF7448}.Debug|Any CPU.ActiveCfg = Debug|Any CPU
		{36DA6318-6DD9-4C6E-8D36-6CC52AFF7448}.Debug|Any CPU.Build.0 = Debug|Any CPU
		{36DA6318-6DD9-4C6E-8D36-6CC52AFF7448}.Release|Any CPU.ActiveCfg = Release|Any CPU
		{36DA6318-6DD9-4C6E-8D36-6CC52AFF7448}.Release|Any CPU.Build.0 = Release|Any CPU
		{6990BA00-CEDB-4057-8308-6393E03467F2}.Debug|Any CPU.ActiveCfg = Debug|Any CPU
		{6990BA00-CEDB-4057-8308-6393E03467F2}.Debug|Any CPU.Build.0 = Debug|Any CPU
		{6990BA00-CEDB-4057-8308-6393E03467F2}.Release|Any CPU.ActiveCfg = Release|Any CPU
		{6990BA00-CEDB-4057-8308-6393E03467F2}.Release|Any CPU.Build.0 = Release|Any CPU
		{83DDFD8B-73B1-44DC-9493-162DB587278A}.Debug|Any CPU.ActiveCfg = Debug|Any CPU
		{83DDFD8B-73B1-44DC-9493-162DB587278A}.Debug|Any CPU.Build.0 = Debug|Any CPU
		{83DDFD8B-73B1-44DC-9493-162DB587278A}.Release|Any CPU.ActiveCfg = Release|Any CPU
		{83DDFD8B-73B1-44DC-9493-162DB587278A}.Release|Any CPU.Build.0 = Release|Any CPU
		{369702B7-E2FB-4D14-962D-16C15DC7D6BB}.Debug|Any CPU.ActiveCfg = Debug|Any CPU
		{369702B7-E2FB-4D14-962D-16C15DC7D6BB}.Debug|Any CPU.Build.0 = Debug|Any CPU
		{369702B7-E2FB-4D14-962D-16C15DC7D6BB}.Release|Any CPU.ActiveCfg = Release|Any CPU
		{369702B7-E2FB-4D14-962D-16C15DC7D6BB}.Release|Any CPU.Build.0 = Release|Any CPU
		{2BEA721D-319F-4E22-A710-82A9A508266C}.Debug|Any CPU.ActiveCfg = Debug|Any CPU
		{2BEA721D-319F-4E22-A710-82A9A508266C}.Debug|Any CPU.Build.0 = Debug|Any CPU
		{2BEA721D-319F-4E22-A710-82A9A508266C}.Release|Any CPU.ActiveCfg = Release|Any CPU
		{2BEA721D-319F-4E22-A710-82A9A508266C}.Release|Any CPU.Build.0 = Release|Any CPU
		{70665B9E-FACB-4905-81E9-0501E5402769}.Debug|Any CPU.ActiveCfg = Debug|Any CPU
		{70665B9E-FACB-4905-81E9-0501E5402769}.Debug|Any CPU.Build.0 = Debug|Any CPU
		{70665B9E-FACB-4905-81E9-0501E5402769}.Release|Any CPU.ActiveCfg = Release|Any CPU
		{70665B9E-FACB-4905-81E9-0501E5402769}.Release|Any CPU.Build.0 = Release|Any CPU
		{FBEB3129-F2AD-4D3C-9732-39FF59E206E1}.Debug|Any CPU.ActiveCfg = Debug|Any CPU
		{FBEB3129-F2AD-4D3C-9732-39FF59E206E1}.Debug|Any CPU.Build.0 = Debug|Any CPU
		{FBEB3129-F2AD-4D3C-9732-39FF59E206E1}.Release|Any CPU.ActiveCfg = Release|Any CPU
		{FBEB3129-F2AD-4D3C-9732-39FF59E206E1}.Release|Any CPU.Build.0 = Release|Any CPU
		{C6A458E0-3EC8-458B-941D-70F80DA4614B}.Debug|Any CPU.ActiveCfg = Debug|Any CPU
		{C6A458E0-3EC8-458B-941D-70F80DA4614B}.Debug|Any CPU.Build.0 = Debug|Any CPU
		{C6A458E0-3EC8-458B-941D-70F80DA4614B}.Release|Any CPU.ActiveCfg = Release|Any CPU
		{C6A458E0-3EC8-458B-941D-70F80DA4614B}.Release|Any CPU.Build.0 = Release|Any CPU
		{6B72D5AB-E32C-42A9-B996-1EAA973DBED2}.Debug|Any CPU.ActiveCfg = Debug|Any CPU
		{6B72D5AB-E32C-42A9-B996-1EAA973DBED2}.Debug|Any CPU.Build.0 = Debug|Any CPU
		{6B72D5AB-E32C-42A9-B996-1EAA973DBED2}.Release|Any CPU.ActiveCfg = Release|Any CPU
		{6B72D5AB-E32C-42A9-B996-1EAA973DBED2}.Release|Any CPU.Build.0 = Release|Any CPU
		{3CC1FBDB-8D1A-49B0-A1A9-2F9B1C516793}.Debug|Any CPU.ActiveCfg = Debug|Any CPU
		{3CC1FBDB-8D1A-49B0-A1A9-2F9B1C516793}.Debug|Any CPU.Build.0 = Debug|Any CPU
		{3CC1FBDB-8D1A-49B0-A1A9-2F9B1C516793}.Release|Any CPU.ActiveCfg = Release|Any CPU
		{3CC1FBDB-8D1A-49B0-A1A9-2F9B1C516793}.Release|Any CPU.Build.0 = Release|Any CPU
		{9C097CAB-7C4D-4476-B9A9-D4F19DCAAEA3}.Debug|Any CPU.ActiveCfg = Debug|Any CPU
		{9C097CAB-7C4D-4476-B9A9-D4F19DCAAEA3}.Debug|Any CPU.Build.0 = Debug|Any CPU
		{9C097CAB-7C4D-4476-B9A9-D4F19DCAAEA3}.Release|Any CPU.ActiveCfg = Release|Any CPU
		{9C097CAB-7C4D-4476-B9A9-D4F19DCAAEA3}.Release|Any CPU.Build.0 = Release|Any CPU
		{856779DF-C70E-4689-8A31-82E0609511DA}.Debug|Any CPU.ActiveCfg = Debug|Any CPU
		{856779DF-C70E-4689-8A31-82E0609511DA}.Debug|Any CPU.Build.0 = Debug|Any CPU
		{856779DF-C70E-4689-8A31-82E0609511DA}.Release|Any CPU.ActiveCfg = Release|Any CPU
		{856779DF-C70E-4689-8A31-82E0609511DA}.Release|Any CPU.Build.0 = Release|Any CPU
		{CDB31970-7F18-4F20-A7A7-8AA54FE4AC32}.Debug|Any CPU.ActiveCfg = Debug|Any CPU
		{CDB31970-7F18-4F20-A7A7-8AA54FE4AC32}.Debug|Any CPU.Build.0 = Debug|Any CPU
		{CDB31970-7F18-4F20-A7A7-8AA54FE4AC32}.Release|Any CPU.ActiveCfg = Release|Any CPU
		{CDB31970-7F18-4F20-A7A7-8AA54FE4AC32}.Release|Any CPU.Build.0 = Release|Any CPU
		{D1D48F10-F644-4C7D-85C0-64BAB24327E2}.Debug|Any CPU.ActiveCfg = Debug|Any CPU
		{D1D48F10-F644-4C7D-85C0-64BAB24327E2}.Debug|Any CPU.Build.0 = Debug|Any CPU
		{D1D48F10-F644-4C7D-85C0-64BAB24327E2}.Release|Any CPU.ActiveCfg = Release|Any CPU
		{D1D48F10-F644-4C7D-85C0-64BAB24327E2}.Release|Any CPU.Build.0 = Release|Any CPU
	EndGlobalSection
	GlobalSection(SolutionProperties) = preSolution
		HideSolutionNode = FALSE
	EndGlobalSection
	GlobalSection(ExtensibilityGlobals) = postSolution
		SolutionGuid = {F253F7D6-7687-45E9-932F-A0D79090A69A}
	EndGlobalSection
EndGlobal
